
Microsoft Visual Studio Solution File, Format Version 12.00
# Visual Studio Version 17
VisualStudioVersion = 17.2.32630.192
MinimumVisualStudioVersion = 10.0.40219.1
Project("{FAE04EC0-301F-11D3-BF4B-00C04F79EFBC}") = "yarlab4", "yarlab4\yarlab4.csproj", "{AB55FBA9-C9EC-4B58-9E8F-1B27BE1341BC}"
EndProject
Project("{FAE04EC0-301F-11D3-BF4B-00C04F79EFBC}") = "LabsLibrary", "LabsLibrary\LabsLibrary.csproj", "{667C4146-28F5-4171-99A0-D91BE1EE8BA4}"
EndProject
Global
	GlobalSection(SolutionConfigurationPlatforms) = preSolution
		Debug|Any CPU = Debug|Any CPU
		Release|Any CPU = Release|Any CPU
	EndGlobalSection
	GlobalSection(ProjectConfigurationPlatforms) = postSolution
		{AB55FBA9-C9EC-4B58-9E8F-1B27BE1341BC}.Debug|Any CPU.ActiveCfg = Debug|Any CPU
		{AB55FBA9-C9EC-4B58-9E8F-1B27BE1341BC}.Debug|Any CPU.Build.0 = Debug|Any CPU
		{AB55FBA9-C9EC-4B58-9E8F-1B27BE1341BC}.Release|Any CPU.ActiveCfg = Release|Any CPU
		{AB55FBA9-C9EC-4B58-9E8F-1B27BE1341BC}.Release|Any CPU.Build.0 = Release|Any CPU
		{667C4146-28F5-4171-99A0-D91BE1EE8BA4}.Debug|Any CPU.ActiveCfg = Debug|Any CPU
		{667C4146-28F5-4171-99A0-D91BE1EE8BA4}.Debug|Any CPU.Build.0 = Debug|Any CPU
		{667C4146-28F5-4171-99A0-D91BE1EE8BA4}.Release|Any CPU.ActiveCfg = Release|Any CPU
		{667C4146-28F5-4171-99A0-D91BE1EE8BA4}.Release|Any CPU.Build.0 = Release|Any CPU
	EndGlobalSection
	GlobalSection(SolutionProperties) = preSolution
		HideSolutionNode = FALSE
	EndGlobalSection
	GlobalSection(ExtensibilityGlobals) = postSolution
		SolutionGuid = {D77481BC-092F-4EC8-A924-73F8DADFDF90}
	EndGlobalSection
EndGlobal
